
Microsoft Visual Studio Solution File, Format Version 12.00
# Visual Studio Version 16
VisualStudioVersion = 16.0.31702.278
MinimumVisualStudioVersion = 10.0.40219.1
Project("{FAE04EC0-301F-11D3-BF4B-00C04F79EFBC}") = "Calculadora", "Calculadora\Calculadora.csproj", "{49FC22ED-66D4-4D9D-9528-2D274B22BA8C}"
EndProject
Global
	GlobalSection(SolutionConfigurationPlatforms) = preSolution
		Debug|Any CPU = Debug|Any CPU
		Release|Any CPU = Release|Any CPU
	EndGlobalSection
	GlobalSection(ProjectConfigurationPlatforms) = postSolution
		{49FC22ED-66D4-4D9D-9528-2D274B22BA8C}.Debug|Any CPU.ActiveCfg = Debug|Any CPU
		{49FC22ED-66D4-4D9D-9528-2D274B22BA8C}.Debug|Any CPU.Build.0 = Debug|Any CPU
		{49FC22ED-66D4-4D9D-9528-2D274B22BA8C}.Release|Any CPU.ActiveCfg = Release|Any CPU
		{49FC22ED-66D4-4D9D-9528-2D274B22BA8C}.Release|Any CPU.Build.0 = Release|Any CPU
	EndGlobalSection
	GlobalSection(SolutionProperties) = preSolution
		HideSolutionNode = FALSE
	EndGlobalSection
	GlobalSection(ExtensibilityGlobals) = postSolution
		SolutionGuid = {FA6D6CCA-F3D3-42BF-BF3B-81C96EFD44D9}
	EndGlobalSection
EndGlobal
